// !$*UTF8*$!
{
	archiveVersion = 1;
	classes = {
	};
	objectVersion = 50;
	objects = {

/* Begin PBXBuildFile section */
		7300251A22ADF0ED00F05ADC /* HomeEntranceViewController.swift in Sources */ = {isa = PBXBuildFile; fileRef = 7300251922ADF0ED00F05ADC /* HomeEntranceViewController.swift */; };
		7300252022ADF1B500F05ADC /* HomeEntranceView.swift in Sources */ = {isa = PBXBuildFile; fileRef = 7300251F22ADF1B500F05ADC /* HomeEntranceView.swift */; };
		7300252222ADFA3F00F05ADC /* HomeEntranceCollectionViewCell.swift in Sources */ = {isa = PBXBuildFile; fileRef = 7300252122ADFA3F00F05ADC /* HomeEntranceCollectionViewCell.swift */; };
		7300252422ADFB2F00F05ADC /* HomeEntranceCollectionHedderView.swift in Sources */ = {isa = PBXBuildFile; fileRef = 7300252322ADFB2F00F05ADC /* HomeEntranceCollectionHedderView.swift */; };
		7302DB1A228179F700BC7CAC /* LCZAlignTopLabel.swift in Sources */ = {isa = PBXBuildFile; fileRef = 7302DB19228179F700BC7CAC /* LCZAlignTopLabel.swift */; };
		731A381F22B33F32009FA711 /* CommonlyExpressViewModel.swift in Sources */ = {isa = PBXBuildFile; fileRef = 731A381E22B33F32009FA711 /* CommonlyExpressViewModel.swift */; };
		731A382122B33FE3009FA711 /* CommonlyExpressModel.swift in Sources */ = {isa = PBXBuildFile; fileRef = 731A382022B33FE3009FA711 /* CommonlyExpressModel.swift */; };
		7326F8E422251CBD0005696F /* NewsDetailsViewController.swift in Sources */ = {isa = PBXBuildFile; fileRef = 7326F8E322251CBD0005696F /* NewsDetailsViewController.swift */; };
		7326F8E7222520FE0005696F /* NewsDetailsModel.swift in Sources */ = {isa = PBXBuildFile; fileRef = 7326F8E6222520FE0005696F /* NewsDetailsModel.swift */; };
		732C0464224B123700EA7738 /* NewsHomeViewModel.swift in Sources */ = {isa = PBXBuildFile; fileRef = 732C0463224B123700EA7738 /* NewsHomeViewModel.swift */; };
		73370BFC22B3614000C01FE0 /* LCZUIAlertControllerExtension.swift in Sources */ = {isa = PBXBuildFile; fileRef = 73370BFB22B3614000C01FE0 /* LCZUIAlertControllerExtension.swift */; };
		73370BFF22B37AA400C01FE0 /* CourierEntranceViewModel.swift in Sources */ = {isa = PBXBuildFile; fileRef = 73370BFE22B37AA400C01FE0 /* CourierEntranceViewModel.swift */; };
		73370C0222B37DC700C01FE0 /* CourierEntranceModel.swift in Sources */ = {isa = PBXBuildFile; fileRef = 73370C0122B37DC700C01FE0 /* CourierEntranceModel.swift */; };
		73370C0422B3942200C01FE0 /* HistoryQueryTableViewCell.swift in Sources */ = {isa = PBXBuildFile; fileRef = 73370C0322B3942200C01FE0 /* HistoryQueryTableViewCell.swift */; };
		7337A20722262CBB00B19F07 /* NewsDetailsView.swift in Sources */ = {isa = PBXBuildFile; fileRef = 7337A20622262CBB00B19F07 /* NewsDetailsView.swift */; };
		7337A20A2226304500B19F07 /* NewsDetailsViewModel.swift in Sources */ = {isa = PBXBuildFile; fileRef = 7337A2092226304500B19F07 /* NewsDetailsViewModel.swift */; };
		7337A20D222630AE00B19F07 /* NewsDetailsNetworkService.swift in Sources */ = {isa = PBXBuildFile; fileRef = 7337A20C222630AE00B19F07 /* NewsDetailsNetworkService.swift */; };
		733E298F22607094001885CE /* PracticalFunctionCell.swift in Sources */ = {isa = PBXBuildFile; fileRef = 733E298E22607094001885CE /* PracticalFunctionCell.swift */; };
		73409FC02281563600899563 /* SearchMovieView.swift in Sources */ = {isa = PBXBuildFile; fileRef = 73409FBF2281563600899563 /* SearchMovieView.swift */; };
		73409FC3228158CA00899563 /* SearchMovieViewModel.swift in Sources */ = {isa = PBXBuildFile; fileRef = 73409FC2228158CA00899563 /* SearchMovieViewModel.swift */; };
		73409FC622815C2100899563 /* SearchMovieNetworkService.swift in Sources */ = {isa = PBXBuildFile; fileRef = 73409FC522815C2100899563 /* SearchMovieNetworkService.swift */; };
		73409FC822815FE100899563 /* SearchMovieCell.swift in Sources */ = {isa = PBXBuildFile; fileRef = 73409FC722815FE100899563 /* SearchMovieCell.swift */; };
		7344B54122AF594F00FC7D4D /* MainTabBarController.swift in Sources */ = {isa = PBXBuildFile; fileRef = 7344B54022AF594E00FC7D4D /* MainTabBarController.swift */; };
		7344B54922AF8A5100FC7D4D /* MineEntranceViewController.swift in Sources */ = {isa = PBXBuildFile; fileRef = 7344B54822AF8A5100FC7D4D /* MineEntranceViewController.swift */; };
		7344B54B22AF8A6900FC7D4D /* MineEntranceView.swift in Sources */ = {isa = PBXBuildFile; fileRef = 7344B54A22AF8A6900FC7D4D /* MineEntranceView.swift */; };
		7344B54D22AF8F6900FC7D4D /* MineEntranceTableViewCell.swift in Sources */ = {isa = PBXBuildFile; fileRef = 7344B54C22AF8F6900FC7D4D /* MineEntranceTableViewCell.swift */; };
		7344B54F22AFA04700FC7D4D /* MineEntranceViewModel.swift in Sources */ = {isa = PBXBuildFile; fileRef = 7344B54E22AFA04700FC7D4D /* MineEntranceViewModel.swift */; };
		734E9B6C22448D8B00CC5004 /* MovieHomeNetworkService.swift in Sources */ = {isa = PBXBuildFile; fileRef = 734E9B6B22448D8B00CC5004 /* MovieHomeNetworkService.swift */; };
		734E9B6E22448E2400CC5004 /* Moay+Rx.swift in Sources */ = {isa = PBXBuildFile; fileRef = 734E9B6D22448E2400CC5004 /* Moay+Rx.swift */; };
		734E9B7022448EA300CC5004 /* MoayProvider.swift in Sources */ = {isa = PBXBuildFile; fileRef = 734E9B6F22448EA300CC5004 /* MoayProvider.swift */; };
		734E9B7222448F8A00CC5004 /* MovieNetworkServices.swift in Sources */ = {isa = PBXBuildFile; fileRef = 734E9B7122448F8A00CC5004 /* MovieNetworkServices.swift */; };
		734E9B742244CF2200CC5004 /* DiaryMacro.swift in Sources */ = {isa = PBXBuildFile; fileRef = 734E9B732244CF2200CC5004 /* DiaryMacro.swift */; };
		734F2EC322B1DC2600927AC1 /* ExpressQueryResultsView.swift in Sources */ = {isa = PBXBuildFile; fileRef = 734F2EC222B1DC2600927AC1 /* ExpressQueryResultsView.swift */; };
		734F2EC522B1E46800927AC1 /* ExpressQueryResultsTableViewCell.swift in Sources */ = {isa = PBXBuildFile; fileRef = 734F2EC422B1E46800927AC1 /* ExpressQueryResultsTableViewCell.swift */; };
		735AC95422AE27E500C51BF7 /* HomeEntranceViewModel.swift in Sources */ = {isa = PBXBuildFile; fileRef = 735AC95322AE27E500C51BF7 /* HomeEntranceViewModel.swift */; };
		735BB336225D943900241A59 /* MovieDetailsTableHeaderView.swift in Sources */ = {isa = PBXBuildFile; fileRef = 735BB335225D943900241A59 /* MovieDetailsTableHeaderView.swift */; };
		735BB338225D9CF300241A59 /* UIButton+TextImagelocation.swift in Sources */ = {isa = PBXBuildFile; fileRef = 735BB337225D9CF300241A59 /* UIButton+TextImagelocation.swift */; };
		735BB33A225DCF2300241A59 /* SynopsisCell.swift in Sources */ = {isa = PBXBuildFile; fileRef = 735BB339225DCF2300241A59 /* SynopsisCell.swift */; };
		735BB33C225DEE1300241A59 /* EpisodeCell.swift in Sources */ = {isa = PBXBuildFile; fileRef = 735BB33B225DEE1300241A59 /* EpisodeCell.swift */; };
		735BB33E225DEF7500241A59 /* SelectorEpisodeCell.swift in Sources */ = {isa = PBXBuildFile; fileRef = 735BB33D225DEF7500241A59 /* SelectorEpisodeCell.swift */; };
		7367D2EE221FA43A008FD780 /* MJRefresh+Rx.swift in Sources */ = {isa = PBXBuildFile; fileRef = 7367D2ED221FA43A008FD780 /* MJRefresh+Rx.swift */; };
		7367D2F0221FA43F008FD780 /* UIViewController+Rx.swift in Sources */ = {isa = PBXBuildFile; fileRef = 7367D2EF221FA43F008FD780 /* UIViewController+Rx.swift */; };
		7367D2F3221FA8DA008FD780 /* NewsHomeNetworkService.swift in Sources */ = {isa = PBXBuildFile; fileRef = 7367D2F2221FA8DA008FD780 /* NewsHomeNetworkService.swift */; };
		736F50F022B2549700518645 /* CommonlyExpressView.swift in Sources */ = {isa = PBXBuildFile; fileRef = 736F50EF22B2549700518645 /* CommonlyExpressView.swift */; };
		736F50F222B255D200518645 /* CommonlyExpressTableViewCell.swift in Sources */ = {isa = PBXBuildFile; fileRef = 736F50F122B255D200518645 /* CommonlyExpressTableViewCell.swift */; };
		737E1C2D2213D43B00BF751D /* DiaryHeader.swift in Sources */ = {isa = PBXBuildFile; fileRef = 737E1C2C2213D43B00BF751D /* DiaryHeader.swift */; };
		737E1C3A2213DDF300BF751D /* DiaryRoute.swift in Sources */ = {isa = PBXBuildFile; fileRef = 737E1C392213DDF300BF751D /* DiaryRoute.swift */; };
		737E1C3F2213DFDF00BF751D /* LCZHomePage.swift in Sources */ = {isa = PBXBuildFile; fileRef = 737E1C3E2213DFDF00BF751D /* LCZHomePage.swift */; };
		737E1C412213E00300BF751D /* LCZSwiftMacro.swift in Sources */ = {isa = PBXBuildFile; fileRef = 737E1C402213E00300BF751D /* LCZSwiftMacro.swift */; };
		737E1C472213E21A00BF751D /* DiaryBaseViewController.swift in Sources */ = {isa = PBXBuildFile; fileRef = 737E1C462213E21A00BF751D /* DiaryBaseViewController.swift */; };
		737E1C4A2213E37900BF751D /* NewsHomeViewController.swift in Sources */ = {isa = PBXBuildFile; fileRef = 737E1C492213E37900BF751D /* NewsHomeViewController.swift */; };
		737E1C4C2213E3F800BF751D /* MainNavigationController.swift in Sources */ = {isa = PBXBuildFile; fileRef = 737E1C4B2213E3F800BF751D /* MainNavigationController.swift */; };
		737E1C522213E82800BF751D /* DiaryBaseView.swift in Sources */ = {isa = PBXBuildFile; fileRef = 737E1C512213E82800BF751D /* DiaryBaseView.swift */; };
		737E1C542213E89700BF751D /* NewsHomeView.swift in Sources */ = {isa = PBXBuildFile; fileRef = 737E1C532213E89700BF751D /* NewsHomeView.swift */; };
		737E1C562213E94D00BF751D /* NewsHomeListView.swift in Sources */ = {isa = PBXBuildFile; fileRef = 737E1C552213E94D00BF751D /* NewsHomeListView.swift */; };
		737E1C592213ED0C00BF751D /* HighSpeedDataNetworkServices.swift in Sources */ = {isa = PBXBuildFile; fileRef = 737E1C582213ED0C00BF751D /* HighSpeedDataNetworkServices.swift */; };
		737E1C5C2213F05900BF751D /* NewsHomeListViewModel.swift in Sources */ = {isa = PBXBuildFile; fileRef = 737E1C5B2213F05900BF751D /* NewsHomeListViewModel.swift */; };
		737E1C5F2213FCE800BF751D /* NewsHomeModel.swift in Sources */ = {isa = PBXBuildFile; fileRef = 737E1C5E2213FCE800BF751D /* NewsHomeModel.swift */; };
		73948B7E2223CF88000ED09A /* NewsHomeCell.swift in Sources */ = {isa = PBXBuildFile; fileRef = 73948B7D2223CF88000ED09A /* NewsHomeCell.swift */; };
		73948B802223CFA5000ED09A /* DiaryBaseTableViewCell.swift in Sources */ = {isa = PBXBuildFile; fileRef = 73948B7F2223CFA5000ED09A /* DiaryBaseTableViewCell.swift */; };
		73B1DDD72241EB8E00BFEF7A /* LCZProgressHUD.swift in Sources */ = {isa = PBXBuildFile; fileRef = 73B1DDD62241EB8E00BFEF7A /* LCZProgressHUD.swift */; };
		73B1DDDB2241EE5100BFEF7A /* MovieHomeViewController.swift in Sources */ = {isa = PBXBuildFile; fileRef = 73B1DDDA2241EE5100BFEF7A /* MovieHomeViewController.swift */; };
		73B1DDDF2241EF5500BFEF7A /* MovieHomeView.swift in Sources */ = {isa = PBXBuildFile; fileRef = 73B1DDDE2241EF5500BFEF7A /* MovieHomeView.swift */; };
		73B1DDE22242051400BFEF7A /* MovieHomeModel.swift in Sources */ = {isa = PBXBuildFile; fileRef = 73B1DDE12242051400BFEF7A /* MovieHomeModel.swift */; };
		73B1DDE52242055700BFEF7A /* MovieHomeViewModel.swift in Sources */ = {isa = PBXBuildFile; fileRef = 73B1DDE42242055700BFEF7A /* MovieHomeViewModel.swift */; };
		73B1DDE7224206FA00BFEF7A /* DiaryBaseCollectionViewCell.swift in Sources */ = {isa = PBXBuildFile; fileRef = 73B1DDE6224206FA00BFEF7A /* DiaryBaseCollectionViewCell.swift */; };
		73B1DDE92242080400BFEF7A /* MovieHomeCell.swift in Sources */ = {isa = PBXBuildFile; fileRef = 73B1DDE82242080400BFEF7A /* MovieHomeCell.swift */; };
		73B1DDED2242306100BFEF7A /* MovieDetailsViewController.swift in Sources */ = {isa = PBXBuildFile; fileRef = 73B1DDEC2242306100BFEF7A /* MovieDetailsViewController.swift */; };
		73B1DDF02242342700BFEF7A /* MovieDetailsView.swift in Sources */ = {isa = PBXBuildFile; fileRef = 73B1DDEF2242342700BFEF7A /* MovieDetailsView.swift */; };
		73BB0FCD22B09FA8005F351C /* ExpressQueryViewController.swift in Sources */ = {isa = PBXBuildFile; fileRef = 73BB0FCC22B09FA8005F351C /* ExpressQueryViewController.swift */; };
		73BB0FCF22B09FCB005F351C /* ExpressQueryView.swift in Sources */ = {isa = PBXBuildFile; fileRef = 73BB0FCE22B09FCB005F351C /* ExpressQueryView.swift */; };
		73BB0FD122B0B0DB005F351C /* CourierEntranceTabBarController.swift in Sources */ = {isa = PBXBuildFile; fileRef = 73BB0FD022B0B0DB005F351C /* CourierEntranceTabBarController.swift */; };
		73C34F6C2264552800244B55 /* SearchMovieViewController.swift in Sources */ = {isa = PBXBuildFile; fileRef = 73C34F6B2264552800244B55 /* SearchMovieViewController.swift */; };
		73D4DADC2213CBF200116541 /* AppDelegate.swift in Sources */ = {isa = PBXBuildFile; fileRef = 73D4DADB2213CBF200116541 /* AppDelegate.swift */; };
		73D4DAE12213CBF200116541 /* Main.storyboard in Resources */ = {isa = PBXBuildFile; fileRef = 73D4DADF2213CBF200116541 /* Main.storyboard */; };
		73D4DAE32213CBF400116541 /* Assets.xcassets in Resources */ = {isa = PBXBuildFile; fileRef = 73D4DAE22213CBF400116541 /* Assets.xcassets */; };
		73D4DAE62213CBF400116541 /* LaunchScreen.storyboard in Resources */ = {isa = PBXBuildFile; fileRef = 73D4DAE42213CBF400116541 /* LaunchScreen.storyboard */; };
		73E52AF022B0DB6D0018CBA6 /* CommonlyExpressViewController.swift in Sources */ = {isa = PBXBuildFile; fileRef = 73E52AEF22B0DB6D0018CBA6 /* CommonlyExpressViewController.swift */; };
		73E52AF222B0E3B60018CBA6 /* ExpressQueryModel.swift in Sources */ = {isa = PBXBuildFile; fileRef = 73E52AF122B0E3B60018CBA6 /* ExpressQueryModel.swift */; };
		73E52AF422B0E5AB0018CBA6 /* ExpressQueryViewModel.swift in Sources */ = {isa = PBXBuildFile; fileRef = 73E52AF322B0E5AB0018CBA6 /* ExpressQueryViewModel.swift */; };
		73E52AFB22B0F20E0018CBA6 /* ExpressQueryResultsViewController.swift in Sources */ = {isa = PBXBuildFile; fileRef = 73E52AFA22B0F20E0018CBA6 /* ExpressQueryResultsViewController.swift */; };
		D0A716A122B4BF20000BC367 /* LCZWaveView.swift in Sources */ = {isa = PBXBuildFile; fileRef = D0A716A022B4BF20000BC367 /* LCZWaveView.swift */; };
		F508C2BEAB7A3493341664DD /* Pods_Diary.framework in Frameworks */ = {isa = PBXBuildFile; fileRef = FA3261FCD6C69DA1079FA1DE /* Pods_Diary.framework */; };
/* End PBXBuildFile section */

/* Begin PBXFileReference section */
		7300251922ADF0ED00F05ADC /* HomeEntranceViewController.swift */ = {isa = PBXFileReference; lastKnownFileType = sourcecode.swift; path = HomeEntranceViewController.swift; sourceTree = "<group>"; };
		7300251F22ADF1B500F05ADC /* HomeEntranceView.swift */ = {isa = PBXFileReference; lastKnownFileType = sourcecode.swift; path = HomeEntranceView.swift; sourceTree = "<group>"; };
		7300252122ADFA3F00F05ADC /* HomeEntranceCollectionViewCell.swift */ = {isa = PBXFileReference; lastKnownFileType = sourcecode.swift; path = HomeEntranceCollectionViewCell.swift; sourceTree = "<group>"; };
		7300252322ADFB2F00F05ADC /* HomeEntranceCollectionHedderView.swift */ = {isa = PBXFileReference; lastKnownFileType = sourcecode.swift; path = HomeEntranceCollectionHedderView.swift; sourceTree = "<group>"; };
		7302DB19228179F700BC7CAC /* LCZAlignTopLabel.swift */ = {isa = PBXFileReference; lastKnownFileType = sourcecode.swift; path = LCZAlignTopLabel.swift; sourceTree = "<group>"; };
		731A381E22B33F32009FA711 /* CommonlyExpressViewModel.swift */ = {isa = PBXFileReference; lastKnownFileType = sourcecode.swift; path = CommonlyExpressViewModel.swift; sourceTree = "<group>"; };
		731A382022B33FE3009FA711 /* CommonlyExpressModel.swift */ = {isa = PBXFileReference; lastKnownFileType = sourcecode.swift; path = CommonlyExpressModel.swift; sourceTree = "<group>"; };
		7326F8E322251CBD0005696F /* NewsDetailsViewController.swift */ = {isa = PBXFileReference; lastKnownFileType = sourcecode.swift; path = NewsDetailsViewController.swift; sourceTree = "<group>"; };
		7326F8E6222520FE0005696F /* NewsDetailsModel.swift */ = {isa = PBXFileReference; lastKnownFileType = sourcecode.swift; path = NewsDetailsModel.swift; sourceTree = "<group>"; };
		732C0463224B123700EA7738 /* NewsHomeViewModel.swift */ = {isa = PBXFileReference; lastKnownFileType = sourcecode.swift; path = NewsHomeViewModel.swift; sourceTree = "<group>"; };
		73370BFB22B3614000C01FE0 /* LCZUIAlertControllerExtension.swift */ = {isa = PBXFileReference; lastKnownFileType = sourcecode.swift; path = LCZUIAlertControllerExtension.swift; sourceTree = "<group>"; };
		73370BFE22B37AA400C01FE0 /* CourierEntranceViewModel.swift */ = {isa = PBXFileReference; lastKnownFileType = sourcecode.swift; path = CourierEntranceViewModel.swift; sourceTree = "<group>"; };
		73370C0122B37DC700C01FE0 /* CourierEntranceModel.swift */ = {isa = PBXFileReference; lastKnownFileType = sourcecode.swift; path = CourierEntranceModel.swift; sourceTree = "<group>"; };
		73370C0322B3942200C01FE0 /* HistoryQueryTableViewCell.swift */ = {isa = PBXFileReference; lastKnownFileType = sourcecode.swift; path = HistoryQueryTableViewCell.swift; sourceTree = "<group>"; };
		7337A20622262CBB00B19F07 /* NewsDetailsView.swift */ = {isa = PBXFileReference; lastKnownFileType = sourcecode.swift; path = NewsDetailsView.swift; sourceTree = "<group>"; };
		7337A2092226304500B19F07 /* NewsDetailsViewModel.swift */ = {isa = PBXFileReference; lastKnownFileType = sourcecode.swift; path = NewsDetailsViewModel.swift; sourceTree = "<group>"; };
		7337A20C222630AE00B19F07 /* NewsDetailsNetworkService.swift */ = {isa = PBXFileReference; lastKnownFileType = sourcecode.swift; path = NewsDetailsNetworkService.swift; sourceTree = "<group>"; };
		733E298E22607094001885CE /* PracticalFunctionCell.swift */ = {isa = PBXFileReference; lastKnownFileType = sourcecode.swift; path = PracticalFunctionCell.swift; sourceTree = "<group>"; };
		73409FBF2281563600899563 /* SearchMovieView.swift */ = {isa = PBXFileReference; lastKnownFileType = sourcecode.swift; path = SearchMovieView.swift; sourceTree = "<group>"; };
		73409FC2228158CA00899563 /* SearchMovieViewModel.swift */ = {isa = PBXFileReference; lastKnownFileType = sourcecode.swift; path = SearchMovieViewModel.swift; sourceTree = "<group>"; };
		73409FC522815C2100899563 /* SearchMovieNetworkService.swift */ = {isa = PBXFileReference; lastKnownFileType = sourcecode.swift; path = SearchMovieNetworkService.swift; sourceTree = "<group>"; };
		73409FC722815FE100899563 /* SearchMovieCell.swift */ = {isa = PBXFileReference; lastKnownFileType = sourcecode.swift; path = SearchMovieCell.swift; sourceTree = "<group>"; };
		7344B54022AF594E00FC7D4D /* MainTabBarController.swift */ = {isa = PBXFileReference; lastKnownFileType = sourcecode.swift; path = MainTabBarController.swift; sourceTree = "<group>"; };
		7344B54822AF8A5100FC7D4D /* MineEntranceViewController.swift */ = {isa = PBXFileReference; lastKnownFileType = sourcecode.swift; path = MineEntranceViewController.swift; sourceTree = "<group>"; };
		7344B54A22AF8A6900FC7D4D /* MineEntranceView.swift */ = {isa = PBXFileReference; lastKnownFileType = sourcecode.swift; path = MineEntranceView.swift; sourceTree = "<group>"; };
		7344B54C22AF8F6900FC7D4D /* MineEntranceTableViewCell.swift */ = {isa = PBXFileReference; lastKnownFileType = sourcecode.swift; path = MineEntranceTableViewCell.swift; sourceTree = "<group>"; };
		7344B54E22AFA04700FC7D4D /* MineEntranceViewModel.swift */ = {isa = PBXFileReference; lastKnownFileType = sourcecode.swift; path = MineEntranceViewModel.swift; sourceTree = "<group>"; };
		7346603D224339B0007BBD07 /* Diary-Bridging-Header.h */ = {isa = PBXFileReference; lastKnownFileType = sourcecode.c.h; path = "Diary-Bridging-Header.h"; sourceTree = "<group>"; };
		734E9B6B22448D8B00CC5004 /* MovieHomeNetworkService.swift */ = {isa = PBXFileReference; lastKnownFileType = sourcecode.swift; path = MovieHomeNetworkService.swift; sourceTree = "<group>"; };
		734E9B6D22448E2400CC5004 /* Moay+Rx.swift */ = {isa = PBXFileReference; lastKnownFileType = sourcecode.swift; path = "Moay+Rx.swift"; sourceTree = "<group>"; };
		734E9B6F22448EA300CC5004 /* MoayProvider.swift */ = {isa = PBXFileReference; lastKnownFileType = sourcecode.swift; path = MoayProvider.swift; sourceTree = "<group>"; };
		734E9B7122448F8A00CC5004 /* MovieNetworkServices.swift */ = {isa = PBXFileReference; lastKnownFileType = sourcecode.swift; path = MovieNetworkServices.swift; sourceTree = "<group>"; };
		734E9B732244CF2200CC5004 /* DiaryMacro.swift */ = {isa = PBXFileReference; lastKnownFileType = sourcecode.swift; path = DiaryMacro.swift; sourceTree = "<group>"; };
		734F2EC222B1DC2600927AC1 /* ExpressQueryResultsView.swift */ = {isa = PBXFileReference; lastKnownFileType = sourcecode.swift; path = ExpressQueryResultsView.swift; sourceTree = "<group>"; };
		734F2EC422B1E46800927AC1 /* ExpressQueryResultsTableViewCell.swift */ = {isa = PBXFileReference; lastKnownFileType = sourcecode.swift; path = ExpressQueryResultsTableViewCell.swift; sourceTree = "<group>"; };
		735AC95322AE27E500C51BF7 /* HomeEntranceViewModel.swift */ = {isa = PBXFileReference; lastKnownFileType = sourcecode.swift; path = HomeEntranceViewModel.swift; sourceTree = "<group>"; };
		735BB335225D943900241A59 /* MovieDetailsTableHeaderView.swift */ = {isa = PBXFileReference; lastKnownFileType = sourcecode.swift; path = MovieDetailsTableHeaderView.swift; sourceTree = "<group>"; };
		735BB337225D9CF300241A59 /* UIButton+TextImagelocation.swift */ = {isa = PBXFileReference; lastKnownFileType = sourcecode.swift; path = "UIButton+TextImagelocation.swift"; sourceTree = "<group>"; };
		735BB339225DCF2300241A59 /* SynopsisCell.swift */ = {isa = PBXFileReference; lastKnownFileType = sourcecode.swift; path = SynopsisCell.swift; sourceTree = "<group>"; };
		735BB33B225DEE1300241A59 /* EpisodeCell.swift */ = {isa = PBXFileReference; lastKnownFileType = sourcecode.swift; path = EpisodeCell.swift; sourceTree = "<group>"; };
		735BB33D225DEF7500241A59 /* SelectorEpisodeCell.swift */ = {isa = PBXFileReference; lastKnownFileType = sourcecode.swift; path = SelectorEpisodeCell.swift; sourceTree = "<group>"; };
		7367D2ED221FA43A008FD780 /* MJRefresh+Rx.swift */ = {isa = PBXFileReference; fileEncoding = 4; lastKnownFileType = sourcecode.swift; path = "MJRefresh+Rx.swift"; sourceTree = "<group>"; };
		7367D2EF221FA43F008FD780 /* UIViewController+Rx.swift */ = {isa = PBXFileReference; fileEncoding = 4; lastKnownFileType = sourcecode.swift; path = "UIViewController+Rx.swift"; sourceTree = "<group>"; };
		7367D2F2221FA8DA008FD780 /* NewsHomeNetworkService.swift */ = {isa = PBXFileReference; lastKnownFileType = sourcecode.swift; path = NewsHomeNetworkService.swift; sourceTree = "<group>"; };
		736F50EF22B2549700518645 /* CommonlyExpressView.swift */ = {isa = PBXFileReference; lastKnownFileType = sourcecode.swift; path = CommonlyExpressView.swift; sourceTree = "<group>"; };
		736F50F122B255D200518645 /* CommonlyExpressTableViewCell.swift */ = {isa = PBXFileReference; lastKnownFileType = sourcecode.swift; path = CommonlyExpressTableViewCell.swift; sourceTree = "<group>"; };
		737E1C2C2213D43B00BF751D /* DiaryHeader.swift */ = {isa = PBXFileReference; lastKnownFileType = sourcecode.swift; path = DiaryHeader.swift; sourceTree = "<group>"; };
		737E1C392213DDF300BF751D /* DiaryRoute.swift */ = {isa = PBXFileReference; lastKnownFileType = sourcecode.swift; path = DiaryRoute.swift; sourceTree = "<group>"; };
		737E1C3E2213DFDF00BF751D /* LCZHomePage.swift */ = {isa = PBXFileReference; fileEncoding = 4; lastKnownFileType = sourcecode.swift; path = LCZHomePage.swift; sourceTree = "<group>"; };
		737E1C402213E00300BF751D /* LCZSwiftMacro.swift */ = {isa = PBXFileReference; fileEncoding = 4; lastKnownFileType = sourcecode.swift; path = LCZSwiftMacro.swift; sourceTree = "<group>"; };
		737E1C462213E21A00BF751D /* DiaryBaseViewController.swift */ = {isa = PBXFileReference; lastKnownFileType = sourcecode.swift; path = DiaryBaseViewController.swift; sourceTree = "<group>"; };
		737E1C492213E37900BF751D /* NewsHomeViewController.swift */ = {isa = PBXFileReference; lastKnownFileType = sourcecode.swift; path = NewsHomeViewController.swift; sourceTree = "<group>"; };
		737E1C4B2213E3F800BF751D /* MainNavigationController.swift */ = {isa = PBXFileReference; lastKnownFileType = sourcecode.swift; path = MainNavigationController.swift; sourceTree = "<group>"; };
		737E1C512213E82800BF751D /* DiaryBaseView.swift */ = {isa = PBXFileReference; lastKnownFileType = sourcecode.swift; path = DiaryBaseView.swift; sourceTree = "<group>"; };
		737E1C532213E89700BF751D /* NewsHomeView.swift */ = {isa = PBXFileReference; lastKnownFileType = sourcecode.swift; path = NewsHomeView.swift; sourceTree = "<group>"; };
		737E1C552213E94D00BF751D /* NewsHomeListView.swift */ = {isa = PBXFileReference; lastKnownFileType = sourcecode.swift; path = NewsHomeListView.swift; sourceTree = "<group>"; };
		737E1C582213ED0C00BF751D /* HighSpeedDataNetworkServices.swift */ = {isa = PBXFileReference; lastKnownFileType = sourcecode.swift; path = HighSpeedDataNetworkServices.swift; sourceTree = "<group>"; };
		737E1C5B2213F05900BF751D /* NewsHomeListViewModel.swift */ = {isa = PBXFileReference; lastKnownFileType = sourcecode.swift; path = NewsHomeListViewModel.swift; sourceTree = "<group>"; };
		737E1C5E2213FCE800BF751D /* NewsHomeModel.swift */ = {isa = PBXFileReference; lastKnownFileType = sourcecode.swift; path = NewsHomeModel.swift; sourceTree = "<group>"; };
		73948B7D2223CF88000ED09A /* NewsHomeCell.swift */ = {isa = PBXFileReference; lastKnownFileType = sourcecode.swift; path = NewsHomeCell.swift; sourceTree = "<group>"; };
		73948B7F2223CFA5000ED09A /* DiaryBaseTableViewCell.swift */ = {isa = PBXFileReference; lastKnownFileType = sourcecode.swift; path = DiaryBaseTableViewCell.swift; sourceTree = "<group>"; };
		73B1DDD62241EB8E00BFEF7A /* LCZProgressHUD.swift */ = {isa = PBXFileReference; lastKnownFileType = sourcecode.swift; path = LCZProgressHUD.swift; sourceTree = "<group>"; };
		73B1DDDA2241EE5100BFEF7A /* MovieHomeViewController.swift */ = {isa = PBXFileReference; lastKnownFileType = sourcecode.swift; path = MovieHomeViewController.swift; sourceTree = "<group>"; };
		73B1DDDE2241EF5500BFEF7A /* MovieHomeView.swift */ = {isa = PBXFileReference; lastKnownFileType = sourcecode.swift; path = MovieHomeView.swift; sourceTree = "<group>"; };
		73B1DDE12242051400BFEF7A /* MovieHomeModel.swift */ = {isa = PBXFileReference; lastKnownFileType = sourcecode.swift; path = MovieHomeModel.swift; sourceTree = "<group>"; };
		73B1DDE42242055700BFEF7A /* MovieHomeViewModel.swift */ = {isa = PBXFileReference; lastKnownFileType = sourcecode.swift; path = MovieHomeViewModel.swift; sourceTree = "<group>"; };
		73B1DDE6224206FA00BFEF7A /* DiaryBaseCollectionViewCell.swift */ = {isa = PBXFileReference; lastKnownFileType = sourcecode.swift; path = DiaryBaseCollectionViewCell.swift; sourceTree = "<group>"; };
		73B1DDE82242080400BFEF7A /* MovieHomeCell.swift */ = {isa = PBXFileReference; lastKnownFileType = sourcecode.swift; path = MovieHomeCell.swift; sourceTree = "<group>"; };
		73B1DDEC2242306100BFEF7A /* MovieDetailsViewController.swift */ = {isa = PBXFileReference; lastKnownFileType = sourcecode.swift; path = MovieDetailsViewController.swift; sourceTree = "<group>"; };
		73B1DDEF2242342700BFEF7A /* MovieDetailsView.swift */ = {isa = PBXFileReference; lastKnownFileType = sourcecode.swift; path = MovieDetailsView.swift; sourceTree = "<group>"; };
		73BB0FCC22B09FA8005F351C /* ExpressQueryViewController.swift */ = {isa = PBXFileReference; lastKnownFileType = sourcecode.swift; path = ExpressQueryViewController.swift; sourceTree = "<group>"; };
		73BB0FCE22B09FCB005F351C /* ExpressQueryView.swift */ = {isa = PBXFileReference; lastKnownFileType = sourcecode.swift; path = ExpressQueryView.swift; sourceTree = "<group>"; };
		73BB0FD022B0B0DB005F351C /* CourierEntranceTabBarController.swift */ = {isa = PBXFileReference; lastKnownFileType = sourcecode.swift; path = CourierEntranceTabBarController.swift; sourceTree = "<group>"; };
		73C34F6B2264552800244B55 /* SearchMovieViewController.swift */ = {isa = PBXFileReference; lastKnownFileType = sourcecode.swift; path = SearchMovieViewController.swift; sourceTree = "<group>"; };
		73D4DAD82213CBF200116541 /* Diary.app */ = {isa = PBXFileReference; explicitFileType = wrapper.application; includeInIndex = 0; path = Diary.app; sourceTree = BUILT_PRODUCTS_DIR; };
		73D4DADB2213CBF200116541 /* AppDelegate.swift */ = {isa = PBXFileReference; lastKnownFileType = sourcecode.swift; path = AppDelegate.swift; sourceTree = "<group>"; };
		73D4DAE02213CBF200116541 /* Base */ = {isa = PBXFileReference; lastKnownFileType = file.storyboard; name = Base; path = Base.lproj/Main.storyboard; sourceTree = "<group>"; };
		73D4DAE22213CBF400116541 /* Assets.xcassets */ = {isa = PBXFileReference; lastKnownFileType = folder.assetcatalog; path = Assets.xcassets; sourceTree = "<group>"; };
		73D4DAE52213CBF400116541 /* Base */ = {isa = PBXFileReference; lastKnownFileType = file.storyboard; name = Base; path = Base.lproj/LaunchScreen.storyboard; sourceTree = "<group>"; };
		73D4DAE72213CBF400116541 /* Info.plist */ = {isa = PBXFileReference; lastKnownFileType = text.plist.xml; path = Info.plist; sourceTree = "<group>"; };
		73E52AEF22B0DB6D0018CBA6 /* CommonlyExpressViewController.swift */ = {isa = PBXFileReference; lastKnownFileType = sourcecode.swift; path = CommonlyExpressViewController.swift; sourceTree = "<group>"; };
		73E52AF122B0E3B60018CBA6 /* ExpressQueryModel.swift */ = {isa = PBXFileReference; lastKnownFileType = sourcecode.swift; path = ExpressQueryModel.swift; sourceTree = "<group>"; };
		73E52AF322B0E5AB0018CBA6 /* ExpressQueryViewModel.swift */ = {isa = PBXFileReference; lastKnownFileType = sourcecode.swift; path = ExpressQueryViewModel.swift; sourceTree = "<group>"; };
		73E52AFA22B0F20E0018CBA6 /* ExpressQueryResultsViewController.swift */ = {isa = PBXFileReference; lastKnownFileType = sourcecode.swift; path = ExpressQueryResultsViewController.swift; sourceTree = "<group>"; };
		7BF0AA4A0A47E6E656FBD185 /* Pods-Diary.release.xcconfig */ = {isa = PBXFileReference; includeInIndex = 1; lastKnownFileType = text.xcconfig; name = "Pods-Diary.release.xcconfig"; path = "Pods/Target Support Files/Pods-Diary/Pods-Diary.release.xcconfig"; sourceTree = "<group>"; };
		AC179B3912B814D4F44DC7E7 /* Pods-Diary.debug.xcconfig */ = {isa = PBXFileReference; includeInIndex = 1; lastKnownFileType = text.xcconfig; name = "Pods-Diary.debug.xcconfig"; path = "Pods/Target Support Files/Pods-Diary/Pods-Diary.debug.xcconfig"; sourceTree = "<group>"; };
		D0A716A022B4BF20000BC367 /* LCZWaveView.swift */ = {isa = PBXFileReference; lastKnownFileType = sourcecode.swift; path = LCZWaveView.swift; sourceTree = "<group>"; };
		FA3261FCD6C69DA1079FA1DE /* Pods_Diary.framework */ = {isa = PBXFileReference; explicitFileType = wrapper.framework; includeInIndex = 0; path = Pods_Diary.framework; sourceTree = BUILT_PRODUCTS_DIR; };
/* End PBXFileReference section */

/* Begin PBXFrameworksBuildPhase section */
		73D4DAD52213CBF200116541 /* Frameworks */ = {
			isa = PBXFrameworksBuildPhase;
			buildActionMask = 2147483647;
			files = (
				F508C2BEAB7A3493341664DD /* Pods_Diary.framework in Frameworks */,
			);
			runOnlyForDeploymentPostprocessing = 0;
		};
/* End PBXFrameworksBuildPhase section */

/* Begin PBXGroup section */
		19EAC4668F4FC3A357C30862 /* Pods */ = {
			isa = PBXGroup;
			children = (
				AC179B3912B814D4F44DC7E7 /* Pods-Diary.debug.xcconfig */,
				7BF0AA4A0A47E6E656FBD185 /* Pods-Diary.release.xcconfig */,
			);
			name = Pods;
			sourceTree = "<group>";
		};
		7300251722ADEF8800F05ADC /* Home(首页) */ = {
			isa = PBXGroup;
			children = (
				73BB0FC622B09EFF005F351C /* Courier(快递) */,
				7300251822ADF09600F05ADC /* HomeEntrance(首页入口) */,
				737E1C452213E1E000BF751D /* News(新闻) */,
				73B1DDD82241EE2500BFEF7A /* Movie(电影) */,
			);
			path = "Home(首页)";
			sourceTree = "<group>";
		};
		7300251822ADF09600F05ADC /* HomeEntrance(首页入口) */ = {
			isa = PBXGroup;
			children = (
				7300251E22ADF10300F05ADC /* ViewModel */,
				7300251D22ADF0FD00F05ADC /* Model */,
				7300251C22ADF0F800F05ADC /* View */,
				7300251B22ADF0F100F05ADC /* Controller */,
			);
			path = "HomeEntrance(首页入口)";
			sourceTree = "<group>";
		};
		7300251B22ADF0F100F05ADC /* Controller */ = {
			isa = PBXGroup;
			children = (
				7300251922ADF0ED00F05ADC /* HomeEntranceViewController.swift */,
			);
			path = Controller;
			sourceTree = "<group>";
		};
		7300251C22ADF0F800F05ADC /* View */ = {
			isa = PBXGroup;
			children = (
				7300251F22ADF1B500F05ADC /* HomeEntranceView.swift */,
				7300252122ADFA3F00F05ADC /* HomeEntranceCollectionViewCell.swift */,
				7300252322ADFB2F00F05ADC /* HomeEntranceCollectionHedderView.swift */,
			);
			path = View;
			sourceTree = "<group>";
		};
		7300251D22ADF0FD00F05ADC /* Model */ = {
			isa = PBXGroup;
			children = (
			);
			path = Model;
			sourceTree = "<group>";
		};
		7300251E22ADF10300F05ADC /* ViewModel */ = {
			isa = PBXGroup;
			children = (
				735AC95322AE27E500C51BF7 /* HomeEntranceViewModel.swift */,
			);
			path = ViewModel;
			sourceTree = "<group>";
		};
		7302DB182281797500BC7CAC /* CustomUI(自定义UI) */ = {
			isa = PBXGroup;
			children = (
				7302DB19228179F700BC7CAC /* LCZAlignTopLabel.swift */,
				D0A716A022B4BF20000BC367 /* LCZWaveView.swift */,
			);
			path = "CustomUI(自定义UI)";
			sourceTree = "<group>";
		};
		7314CFB7225C8F82001C2B34 /* Model */ = {
			isa = PBXGroup;
			children = (
			);
			path = Model;
			sourceTree = "<group>";
		};
		7326F8E122251C6E0005696F /* NewsDetails(新闻详情) */ = {
			isa = PBXGroup;
			children = (
				7337A20B2226307E00B19F07 /* NetworkService */,
				7337A2082226302700B19F07 /* ViewModel */,
				7337A20522262C9300B19F07 /* View */,
				7326F8E5222520A30005696F /* Model */,
				7326F8E222251C910005696F /* Controller */,
			);
			path = "NewsDetails(新闻详情)";
			sourceTree = "<group>";
		};
		7326F8E222251C910005696F /* Controller */ = {
			isa = PBXGroup;
			children = (
				7326F8E322251CBD0005696F /* NewsDetailsViewController.swift */,
			);
			path = Controller;
			sourceTree = "<group>";
		};
		7326F8E5222520A30005696F /* Model */ = {
			isa = PBXGroup;
			children = (
				7326F8E6222520FE0005696F /* NewsDetailsModel.swift */,
			);
			path = Model;
			sourceTree = "<group>";
		};
		73370BFD22B37A8500C01FE0 /* ViewModel */ = {
			isa = PBXGroup;
			children = (
				73370BFE22B37AA400C01FE0 /* CourierEntranceViewModel.swift */,
			);
			path = ViewModel;
			sourceTree = "<group>";
		};
		73370C0022B37DB000C01FE0 /* Model */ = {
			isa = PBXGroup;
			children = (
				73370C0122B37DC700C01FE0 /* CourierEntranceModel.swift */,
			);
			path = Model;
			sourceTree = "<group>";
		};
		7337A20522262C9300B19F07 /* View */ = {
			isa = PBXGroup;
			children = (
				7337A20622262CBB00B19F07 /* NewsDetailsView.swift */,
			);
			path = View;
			sourceTree = "<group>";
		};
		7337A2082226302700B19F07 /* ViewModel */ = {
			isa = PBXGroup;
			children = (
				7337A2092226304500B19F07 /* NewsDetailsViewModel.swift */,
			);
			path = ViewModel;
			sourceTree = "<group>";
		};
		7337A20B2226307E00B19F07 /* NetworkService */ = {
			isa = PBXGroup;
			children = (
				7337A20C222630AE00B19F07 /* NewsDetailsNetworkService.swift */,
			);
			path = NetworkService;
			sourceTree = "<group>";
		};
		73409FC1228158B200899563 /* ViewModel */ = {
			isa = PBXGroup;
			children = (
				73409FC2228158CA00899563 /* SearchMovieViewModel.swift */,
			);
			path = ViewModel;
			sourceTree = "<group>";
		};
		73409FC422815BF700899563 /* NetworkService */ = {
			isa = PBXGroup;
			children = (
				73409FC522815C2100899563 /* SearchMovieNetworkService.swift */,
			);
			path = NetworkService;
			sourceTree = "<group>";
		};
		7344B54222AF866300FC7D4D /* Mine(我的) */ = {
			isa = PBXGroup;
			children = (
				7344B54322AF8A0100FC7D4D /* MineEntrance(入口) */,
			);
			path = "Mine(我的)";
			sourceTree = "<group>";
		};
		7344B54322AF8A0100FC7D4D /* MineEntrance(入口) */ = {
			isa = PBXGroup;
			children = (
				7344B54722AF8A1E00FC7D4D /* ViewModel */,
				7344B54622AF8A1A00FC7D4D /* View */,
				7344B54522AF8A1500FC7D4D /* Model */,
				7344B54422AF8A0E00FC7D4D /* Controller */,
			);
			path = "MineEntrance(入口)";
			sourceTree = "<group>";
		};
		7344B54422AF8A0E00FC7D4D /* Controller */ = {
			isa = PBXGroup;
			children = (
				7344B54822AF8A5100FC7D4D /* MineEntranceViewController.swift */,
			);
			path = Controller;
			sourceTree = "<group>";
		};
		7344B54522AF8A1500FC7D4D /* Model */ = {
			isa = PBXGroup;
			children = (
			);
			path = Model;
			sourceTree = "<group>";
		};
		7344B54622AF8A1A00FC7D4D /* View */ = {
			isa = PBXGroup;
			children = (
				7344B54A22AF8A6900FC7D4D /* MineEntranceView.swift */,
				7344B54C22AF8F6900FC7D4D /* MineEntranceTableViewCell.swift */,
			);
			path = View;
			sourceTree = "<group>";
		};
		7344B54722AF8A1E00FC7D4D /* ViewModel */ = {
			isa = PBXGroup;
			children = (
				7344B54E22AFA04700FC7D4D /* MineEntranceViewModel.swift */,
			);
			path = ViewModel;
			sourceTree = "<group>";
		};
		7346603A22433948007BBD07 /* Bridging(桥接文件) */ = {
			isa = PBXGroup;
			children = (
				7346603D224339B0007BBD07 /* Diary-Bridging-Header.h */,
			);
			path = "Bridging(桥接文件)";
			sourceTree = "<group>";
		};
		7346603B22433978007BBD07 /* Vender(第三方库) */ = {
			isa = PBXGroup;
			children = (
			);
			path = "Vender(第三方库)";
			sourceTree = "<group>";
		};
		734E9B6A22448D6200CC5004 /* NetworkService */ = {
			isa = PBXGroup;
			children = (
				734E9B6B22448D8B00CC5004 /* MovieHomeNetworkService.swift */,
			);
			path = NetworkService;
			sourceTree = "<group>";
		};
		7367D2EC221FA3AB008FD780 /* Extension(扩展) */ = {
			isa = PBXGroup;
			children = (
				7367D2EF221FA43F008FD780 /* UIViewController+Rx.swift */,
				7367D2ED221FA43A008FD780 /* MJRefresh+Rx.swift */,
				734E9B6D22448E2400CC5004 /* Moay+Rx.swift */,
				735BB337225D9CF300241A59 /* UIButton+TextImagelocation.swift */,
				73370BFB22B3614000C01FE0 /* LCZUIAlertControllerExtension.swift */,
			);
			path = "Extension(扩展)";
			sourceTree = "<group>";
		};
		7367D2F1221FA893008FD780 /* NetworkService */ = {
			isa = PBXGroup;
			children = (
				7367D2F2221FA8DA008FD780 /* NewsHomeNetworkService.swift */,
			);
			path = NetworkService;
			sourceTree = "<group>";
		};
		737E1C2E2213DA8F00BF751D /* Utility(工具) */ = {
			isa = PBXGroup;
			children = (
				7302DB182281797500BC7CAC /* CustomUI(自定义UI) */,
				7346603A22433948007BBD07 /* Bridging(桥接文件) */,
				73B1DDD52241EA2F00BFEF7A /* ProgressHUD(进度显示) */,
				7367D2EC221FA3AB008FD780 /* Extension(扩展) */,
				737E1C572213EC8800BF751D /* NetworkServices(网络请求) */,
				737E1C422213E0C000BF751D /* HomePage(设置首页) */,
				737E1C382213DDCA00BF751D /* Route(路由) */,
				737E1C372213DCEA00BF751D /* VenderHeader(第三方头文件) */,
				737E1C362213DC5300BF751D /* Macro(宏) */,
			);
			path = "Utility(工具)";
			sourceTree = "<group>";
		};
		737E1C2F2213DAB800BF751D /* Main */ = {
			isa = PBXGroup;
			children = (
				737E1C352213DC0B00BF751D /* AppDelegate */,
				737E1C342213DBCC00BF751D /* Module(模块) */,
				737E1C332213DB9300BF751D /* Base(基类) */,
			);
			path = Main;
			sourceTree = "<group>";
		};
		737E1C302213DACC00BF751D /* Resource(资源) */ = {
			isa = PBXGroup;
			children = (
				737E1C322213DB0800BF751D /* Image(图片) */,
				737E1C312213DAFA00BF751D /* Plist(文件) */,
			);
			path = "Resource(资源)";
			sourceTree = "<group>";
		};
		737E1C312213DAFA00BF751D /* Plist(文件) */ = {
			isa = PBXGroup;
			children = (
				73D4DAE72213CBF400116541 /* Info.plist */,
			);
			path = "Plist(文件)";
			sourceTree = "<group>";
		};
		737E1C322213DB0800BF751D /* Image(图片) */ = {
			isa = PBXGroup;
			children = (
			);
			path = "Image(图片)";
			sourceTree = "<group>";
		};
		737E1C332213DB9300BF751D /* Base(基类) */ = {
			isa = PBXGroup;
			children = (
				737E1C502213E80700BF751D /* ViewController */,
				737E1C4F2213E7FF00BF751D /* View */,
			);
			path = "Base(基类)";
			sourceTree = "<group>";
		};
		737E1C342213DBCC00BF751D /* Module(模块) */ = {
			isa = PBXGroup;
			children = (
				7344B54222AF866300FC7D4D /* Mine(我的) */,
				7300251722ADEF8800F05ADC /* Home(首页) */,
			);
			path = "Module(模块)";
			sourceTree = "<group>";
		};
		737E1C352213DC0B00BF751D /* AppDelegate */ = {
			isa = PBXGroup;
			children = (
				73D4DADB2213CBF200116541 /* AppDelegate.swift */,
				737E1C4B2213E3F800BF751D /* MainNavigationController.swift */,
				7344B54022AF594E00FC7D4D /* MainTabBarController.swift */,
			);
			path = AppDelegate;
			sourceTree = "<group>";
		};
		737E1C362213DC5300BF751D /* Macro(宏) */ = {
			isa = PBXGroup;
			children = (
				737E1C402213E00300BF751D /* LCZSwiftMacro.swift */,
				734E9B732244CF2200CC5004 /* DiaryMacro.swift */,
			);
			path = "Macro(宏)";
			sourceTree = "<group>";
		};
		737E1C372213DCEA00BF751D /* VenderHeader(第三方头文件) */ = {
			isa = PBXGroup;
			children = (
				737E1C2C2213D43B00BF751D /* DiaryHeader.swift */,
			);
			path = "VenderHeader(第三方头文件)";
			sourceTree = "<group>";
		};
		737E1C382213DDCA00BF751D /* Route(路由) */ = {
			isa = PBXGroup;
			children = (
				737E1C392213DDF300BF751D /* DiaryRoute.swift */,
			);
			path = "Route(路由)";
			sourceTree = "<group>";
		};
		737E1C422213E0C000BF751D /* HomePage(设置首页) */ = {
			isa = PBXGroup;
			children = (
				737E1C3E2213DFDF00BF751D /* LCZHomePage.swift */,
			);
			path = "HomePage(设置首页)";
			sourceTree = "<group>";
		};
		737E1C452213E1E000BF751D /* News(新闻) */ = {
			isa = PBXGroup;
			children = (
				7326F8E122251C6E0005696F /* NewsDetails(新闻详情) */,
				737E1C482213E33A00BF751D /* NewsHome(新闻首页) */,
			);
			path = "News(新闻)";
			sourceTree = "<group>";
		};
		737E1C482213E33A00BF751D /* NewsHome(新闻首页) */ = {
			isa = PBXGroup;
			children = (
				7367D2F1221FA893008FD780 /* NetworkService */,
				737E1C5D2213FCD400BF751D /* Model */,
				737E1C5A2213F03100BF751D /* ViewModel */,
				737E1C4E2213E7CF00BF751D /* View */,
				737E1C4D2213E7BF00BF751D /* Controller */,
			);
			path = "NewsHome(新闻首页)";
			sourceTree = "<group>";
		};
		737E1C4D2213E7BF00BF751D /* Controller */ = {
			isa = PBXGroup;
			children = (
				737E1C492213E37900BF751D /* NewsHomeViewController.swift */,
			);
			path = Controller;
			sourceTree = "<group>";
		};
		737E1C4E2213E7CF00BF751D /* View */ = {
			isa = PBXGroup;
			children = (
				737E1C532213E89700BF751D /* NewsHomeView.swift */,
				737E1C552213E94D00BF751D /* NewsHomeListView.swift */,
				73948B7D2223CF88000ED09A /* NewsHomeCell.swift */,
			);
			path = View;
			sourceTree = "<group>";
		};
		737E1C4F2213E7FF00BF751D /* View */ = {
			isa = PBXGroup;
			children = (
				737E1C512213E82800BF751D /* DiaryBaseView.swift */,
				73948B7F2223CFA5000ED09A /* DiaryBaseTableViewCell.swift */,
				73B1DDE6224206FA00BFEF7A /* DiaryBaseCollectionViewCell.swift */,
			);
			path = View;
			sourceTree = "<group>";
		};
		737E1C502213E80700BF751D /* ViewController */ = {
			isa = PBXGroup;
			children = (
				737E1C462213E21A00BF751D /* DiaryBaseViewController.swift */,
			);
			path = ViewController;
			sourceTree = "<group>";
		};
		737E1C572213EC8800BF751D /* NetworkServices(网络请求) */ = {
			isa = PBXGroup;
			children = (
				737E1C582213ED0C00BF751D /* HighSpeedDataNetworkServices.swift */,
				734E9B6F22448EA300CC5004 /* MoayProvider.swift */,
				734E9B7122448F8A00CC5004 /* MovieNetworkServices.swift */,
			);
			path = "NetworkServices(网络请求)";
			sourceTree = "<group>";
		};
		737E1C5A2213F03100BF751D /* ViewModel */ = {
			isa = PBXGroup;
			children = (
				737E1C5B2213F05900BF751D /* NewsHomeListViewModel.swift */,
				732C0463224B123700EA7738 /* NewsHomeViewModel.swift */,
			);
			path = ViewModel;
			sourceTree = "<group>";
		};
		737E1C5D2213FCD400BF751D /* Model */ = {
			isa = PBXGroup;
			children = (
				737E1C5E2213FCE800BF751D /* NewsHomeModel.swift */,
			);
			path = Model;
			sourceTree = "<group>";
		};
		73B1DDD52241EA2F00BFEF7A /* ProgressHUD(进度显示) */ = {
			isa = PBXGroup;
			children = (
				73B1DDD62241EB8E00BFEF7A /* LCZProgressHUD.swift */,
			);
			path = "ProgressHUD(进度显示)";
			sourceTree = "<group>";
		};
		73B1DDD82241EE2500BFEF7A /* Movie(电影) */ = {
			isa = PBXGroup;
			children = (
				73C34F682264544B00244B55 /* SearchMovie(搜索电影) */,
				73B1DDEA22422FD200BFEF7A /* MovieDetails(电影详情) */,
				73B1DDDD2241EEF700BFEF7A /* MovieHome(电影首页) */,
			);
			path = "Movie(电影)";
			sourceTree = "<group>";
		};
		73B1DDD92241EE3700BFEF7A /* Controller */ = {
			isa = PBXGroup;
			children = (
				73B1DDDA2241EE5100BFEF7A /* MovieHomeViewController.swift */,
			);
			path = Controller;
			sourceTree = "<group>";
		};
		73B1DDDC2241EEE300BFEF7A /* View */ = {
			isa = PBXGroup;
			children = (
				73B1DDDE2241EF5500BFEF7A /* MovieHomeView.swift */,
				73B1DDE82242080400BFEF7A /* MovieHomeCell.swift */,
			);
			path = View;
			sourceTree = "<group>";
		};
		73B1DDDD2241EEF700BFEF7A /* MovieHome(电影首页) */ = {
			isa = PBXGroup;
			children = (
				734E9B6A22448D6200CC5004 /* NetworkService */,
				73B1DDE32242053E00BFEF7A /* ViewModel */,
				73B1DDE0224204FD00BFEF7A /* Model */,
				73B1DDD92241EE3700BFEF7A /* Controller */,
				73B1DDDC2241EEE300BFEF7A /* View */,
			);
			path = "MovieHome(电影首页)";
			sourceTree = "<group>";
		};
		73B1DDE0224204FD00BFEF7A /* Model */ = {
			isa = PBXGroup;
			children = (
				73B1DDE12242051400BFEF7A /* MovieHomeModel.swift */,
			);
			path = Model;
			sourceTree = "<group>";
		};
		73B1DDE32242053E00BFEF7A /* ViewModel */ = {
			isa = PBXGroup;
			children = (
				73B1DDE42242055700BFEF7A /* MovieHomeViewModel.swift */,
			);
			path = ViewModel;
			sourceTree = "<group>";
		};
		73B1DDEA22422FD200BFEF7A /* MovieDetails(电影详情) */ = {
			isa = PBXGroup;
			children = (
				7314CFB7225C8F82001C2B34 /* Model */,
				73B1DDEE224233F700BFEF7A /* View */,
				73B1DDEB2242302500BFEF7A /* Controller */,
			);
			path = "MovieDetails(电影详情)";
			sourceTree = "<group>";
		};
		73B1DDEB2242302500BFEF7A /* Controller */ = {
			isa = PBXGroup;
			children = (
				73B1DDEC2242306100BFEF7A /* MovieDetailsViewController.swift */,
			);
			path = Controller;
			sourceTree = "<group>";
		};
		73B1DDEE224233F700BFEF7A /* View */ = {
			isa = PBXGroup;
			children = (
				73B1DDEF2242342700BFEF7A /* MovieDetailsView.swift */,
				735BB335225D943900241A59 /* MovieDetailsTableHeaderView.swift */,
				735BB339225DCF2300241A59 /* SynopsisCell.swift */,
				735BB33B225DEE1300241A59 /* EpisodeCell.swift */,
				735BB33D225DEF7500241A59 /* SelectorEpisodeCell.swift */,
				733E298E22607094001885CE /* PracticalFunctionCell.swift */,
			);
			path = View;
			sourceTree = "<group>";
		};
		73BB0FC622B09EFF005F351C /* Courier(快递) */ = {
			isa = PBXGroup;
			children = (
				73E52AF522B0F1CD0018CBA6 /* ExpressQueryResults(快递查询结果) */,
				73E52AEA22B0DB070018CBA6 /* CommonlyExpress(常用快递) */,
				73BB0FD422B0C3A3005F351C /* ExpressQuery(快递查询) */,
				73BB0FD222B0C2B9005F351C /* CourierEntrance(快递入口) */,
			);
			path = "Courier(快递)";
			sourceTree = "<group>";
		};
		73BB0FC722B09F69005F351C /* Controller */ = {
			isa = PBXGroup;
			children = (
				73BB0FCC22B09FA8005F351C /* ExpressQueryViewController.swift */,
			);
			path = Controller;
			sourceTree = "<group>";
		};
		73BB0FC922B09F77005F351C /* View */ = {
			isa = PBXGroup;
			children = (
				73BB0FCE22B09FCB005F351C /* ExpressQueryView.swift */,
				73370C0322B3942200C01FE0 /* HistoryQueryTableViewCell.swift */,
			);
			path = View;
			sourceTree = "<group>";
		};
		73BB0FCA22B09F7F005F351C /* Model */ = {
			isa = PBXGroup;
			children = (
				73E52AF122B0E3B60018CBA6 /* ExpressQueryModel.swift */,
			);
			path = Model;
			sourceTree = "<group>";
		};
		73BB0FCB22B09F85005F351C /* ViewModel */ = {
			isa = PBXGroup;
			children = (
				73E52AF322B0E5AB0018CBA6 /* ExpressQueryViewModel.swift */,
			);
			path = ViewModel;
			sourceTree = "<group>";
		};
		73BB0FD222B0C2B9005F351C /* CourierEntrance(快递入口) */ = {
			isa = PBXGroup;
			children = (
				73370C0022B37DB000C01FE0 /* Model */,
				73370BFD22B37A8500C01FE0 /* ViewModel */,
				73BB0FD322B0C2D7005F351C /* Controller */,
			);
			path = "CourierEntrance(快递入口)";
			sourceTree = "<group>";
		};
		73BB0FD322B0C2D7005F351C /* Controller */ = {
			isa = PBXGroup;
			children = (
				73BB0FD022B0B0DB005F351C /* CourierEntranceTabBarController.swift */,
			);
			path = Controller;
			sourceTree = "<group>";
		};
		73BB0FD422B0C3A3005F351C /* ExpressQuery(快递查询) */ = {
			isa = PBXGroup;
			children = (
				73BB0FCB22B09F85005F351C /* ViewModel */,
				73BB0FCA22B09F7F005F351C /* Model */,
				73BB0FC922B09F77005F351C /* View */,
				73BB0FC722B09F69005F351C /* Controller */,
			);
			path = "ExpressQuery(快递查询)";
			sourceTree = "<group>";
		};
		73C34F682264544B00244B55 /* SearchMovie(搜索电影) */ = {
			isa = PBXGroup;
			children = (
				73409FC422815BF700899563 /* NetworkService */,
				73409FC1228158B200899563 /* ViewModel */,
				73C34F6A2264548100244B55 /* View */,
				73C34F692264547700244B55 /* Controller */,
			);
			path = "SearchMovie(搜索电影)";
			sourceTree = "<group>";
		};
		73C34F692264547700244B55 /* Controller */ = {
			isa = PBXGroup;
			children = (
				73C34F6B2264552800244B55 /* SearchMovieViewController.swift */,
			);
			path = Controller;
			sourceTree = "<group>";
		};
		73C34F6A2264548100244B55 /* View */ = {
			isa = PBXGroup;
			children = (
				73409FBF2281563600899563 /* SearchMovieView.swift */,
				73409FC722815FE100899563 /* SearchMovieCell.swift */,
			);
			path = View;
			sourceTree = "<group>";
		};
		73D4DACF2213CBF200116541 = {
			isa = PBXGroup;
			children = (
				73D4DADA2213CBF200116541 /* Diary */,
				73D4DAD92213CBF200116541 /* Products */,
				19EAC4668F4FC3A357C30862 /* Pods */,
				A2DB02D1E2F32A632184BFC3 /* Frameworks */,
			);
			sourceTree = "<group>";
		};
		73D4DAD92213CBF200116541 /* Products */ = {
			isa = PBXGroup;
			children = (
				73D4DAD82213CBF200116541 /* Diary.app */,
			);
			name = Products;
			sourceTree = "<group>";
		};
		73D4DADA2213CBF200116541 /* Diary */ = {
			isa = PBXGroup;
			children = (
				7346603B22433978007BBD07 /* Vender(第三方库) */,
				737E1C302213DACC00BF751D /* Resource(资源) */,
				737E1C2F2213DAB800BF751D /* Main */,
				737E1C2E2213DA8F00BF751D /* Utility(工具) */,
				73D4DADF2213CBF200116541 /* Main.storyboard */,
				73D4DAE22213CBF400116541 /* Assets.xcassets */,
				73D4DAE42213CBF400116541 /* LaunchScreen.storyboard */,
			);
			path = Diary;
			sourceTree = "<group>";
		};
		73E52AEA22B0DB070018CBA6 /* CommonlyExpress(常用快递) */ = {
			isa = PBXGroup;
			children = (
				73E52AEE22B0DB450018CBA6 /* ViewModel */,
				73E52AED22B0DB3F0018CBA6 /* View */,
				73E52AEC22B0DB3A0018CBA6 /* Model */,
				73E52AEB22B0DB340018CBA6 /* Controller */,
			);
			path = "CommonlyExpress(常用快递)";
			sourceTree = "<group>";
		};
		73E52AEB22B0DB340018CBA6 /* Controller */ = {
			isa = PBXGroup;
			children = (
				73E52AEF22B0DB6D0018CBA6 /* CommonlyExpressViewController.swift */,
			);
			path = Controller;
			sourceTree = "<group>";
		};
		73E52AEC22B0DB3A0018CBA6 /* Model */ = {
			isa = PBXGroup;
			children = (
				731A382022B33FE3009FA711 /* CommonlyExpressModel.swift */,
			);
			path = Model;
			sourceTree = "<group>";
		};
		73E52AED22B0DB3F0018CBA6 /* View */ = {
			isa = PBXGroup;
			children = (
				736F50EF22B2549700518645 /* CommonlyExpressView.swift */,
				736F50F122B255D200518645 /* CommonlyExpressTableViewCell.swift */,
			);
			path = View;
			sourceTree = "<group>";
		};
		73E52AEE22B0DB450018CBA6 /* ViewModel */ = {
			isa = PBXGroup;
			children = (
				731A381E22B33F32009FA711 /* CommonlyExpressViewModel.swift */,
			);
			path = ViewModel;
			sourceTree = "<group>";
		};
		73E52AF522B0F1CD0018CBA6 /* ExpressQueryResults(快递查询结果) */ = {
			isa = PBXGroup;
			children = (
				73E52AF922B0F1FA0018CBA6 /* ViewModel */,
				73E52AF822B0F1F50018CBA6 /* View */,
				73E52AF722B0F1F00018CBA6 /* Model */,
				73E52AF622B0F1E90018CBA6 /* Controller */,
			);
			path = "ExpressQueryResults(快递查询结果)";
			sourceTree = "<group>";
		};
		73E52AF622B0F1E90018CBA6 /* Controller */ = {
			isa = PBXGroup;
			children = (
				73E52AFA22B0F20E0018CBA6 /* ExpressQueryResultsViewController.swift */,
			);
			path = Controller;
			sourceTree = "<group>";
		};
		73E52AF722B0F1F00018CBA6 /* Model */ = {
			isa = PBXGroup;
			children = (
			);
			path = Model;
			sourceTree = "<group>";
		};
		73E52AF822B0F1F50018CBA6 /* View */ = {
			isa = PBXGroup;
			children = (
				734F2EC222B1DC2600927AC1 /* ExpressQueryResultsView.swift */,
				734F2EC422B1E46800927AC1 /* ExpressQueryResultsTableViewCell.swift */,
			);
			path = View;
			sourceTree = "<group>";
		};
		73E52AF922B0F1FA0018CBA6 /* ViewModel */ = {
			isa = PBXGroup;
			children = (
			);
			path = ViewModel;
			sourceTree = "<group>";
		};
		A2DB02D1E2F32A632184BFC3 /* Frameworks */ = {
			isa = PBXGroup;
			children = (
				FA3261FCD6C69DA1079FA1DE /* Pods_Diary.framework */,
			);
			name = Frameworks;
			sourceTree = "<group>";
		};
/* End PBXGroup section */

/* Begin PBXNativeTarget section */
		73D4DAD72213CBF200116541 /* Diary */ = {
			isa = PBXNativeTarget;
			buildConfigurationList = 73D4DAEA2213CBF400116541 /* Build configuration list for PBXNativeTarget "Diary" */;
			buildPhases = (
				66DE2ED5D567E85C13C046EA /* [CP] Check Pods Manifest.lock */,
				73D4DAD42213CBF200116541 /* Sources */,
				73D4DAD52213CBF200116541 /* Frameworks */,
				73D4DAD62213CBF200116541 /* Resources */,
				0C4A138BDAEC8CA5252A2E04 /* [CP] Embed Pods Frameworks */,
			);
			buildRules = (
			);
			dependencies = (
			);
			name = Diary;
			productName = Diary;
			productReference = 73D4DAD82213CBF200116541 /* Diary.app */;
			productType = "com.apple.product-type.application";
		};
/* End PBXNativeTarget section */

/* Begin PBXProject section */
		73D4DAD02213CBF200116541 /* Project object */ = {
			isa = PBXProject;
			attributes = {
				LastSwiftUpdateCheck = 1010;
				LastUpgradeCheck = 1010;
				ORGANIZATIONNAME = lcz;
				TargetAttributes = {
					73D4DAD72213CBF200116541 = {
						CreatedOnToolsVersion = 10.1;
						LastSwiftMigration = 1010;
						SystemCapabilities = {
							com.apple.BackgroundModes = {
								enabled = 1;
							};
							com.apple.Maps.iOS = {
								enabled = 0;
							};
						};
					};
				};
			};
			buildConfigurationList = 73D4DAD32213CBF200116541 /* Build configuration list for PBXProject "Diary" */;
			compatibilityVersion = "Xcode 9.3";
			developmentRegion = en;
			hasScannedForEncodings = 0;
			knownRegions = (
				en,
				Base,
			);
			mainGroup = 73D4DACF2213CBF200116541;
			productRefGroup = 73D4DAD92213CBF200116541 /* Products */;
			projectDirPath = "";
			projectRoot = "";
			targets = (
				73D4DAD72213CBF200116541 /* Diary */,
			);
		};
/* End PBXProject section */

/* Begin PBXResourcesBuildPhase section */
		73D4DAD62213CBF200116541 /* Resources */ = {
			isa = PBXResourcesBuildPhase;
			buildActionMask = 2147483647;
			files = (
				73D4DAE62213CBF400116541 /* LaunchScreen.storyboard in Resources */,
				73D4DAE32213CBF400116541 /* Assets.xcassets in Resources */,
				73D4DAE12213CBF200116541 /* Main.storyboard in Resources */,
			);
			runOnlyForDeploymentPostprocessing = 0;
		};
/* End PBXResourcesBuildPhase section */

/* Begin PBXShellScriptBuildPhase section */
		0C4A138BDAEC8CA5252A2E04 /* [CP] Embed Pods Frameworks */ = {
			isa = PBXShellScriptBuildPhase;
			buildActionMask = 2147483647;
			files = (
			);
			inputPaths = (
				"${SRCROOT}/Pods/Target Support Files/Pods-Diary/Pods-Diary-frameworks.sh",
				"${BUILT_PRODUCTS_DIR}/Alamofire/Alamofire.framework",
				"${BUILT_PRODUCTS_DIR}/Differentiator/Differentiator.framework",
				"${BUILT_PRODUCTS_DIR}/FSPagerView/FSPagerView.framework",
				"${BUILT_PRODUCTS_DIR}/IQKeyboardManagerSwift/IQKeyboardManagerSwift.framework",
				"${BUILT_PRODUCTS_DIR}/JXCategoryView/JXCategoryView.framework",
				"${BUILT_PRODUCTS_DIR}/Kingfisher/Kingfisher.framework",
				"${BUILT_PRODUCTS_DIR}/MJRefresh/MJRefresh.framework",
				"${BUILT_PRODUCTS_DIR}/Moya/Moya.framework",
				"${BUILT_PRODUCTS_DIR}/Moya-ObjectMapper/Moya_ObjectMapper.framework",
				"${BUILT_PRODUCTS_DIR}/NSObject+Rx/NSObject_Rx.framework",
				"${BUILT_PRODUCTS_DIR}/ObjectMapper/ObjectMapper.framework",
				"${BUILT_PRODUCTS_DIR}/PYSearch/PYSearch.framework",
				"${BUILT_PRODUCTS_DIR}/Result/Result.framework",
				"${BUILT_PRODUCTS_DIR}/RxCocoa/RxCocoa.framework",
				"${BUILT_PRODUCTS_DIR}/RxDataSources/RxDataSources.framework",
				"${BUILT_PRODUCTS_DIR}/RxSwift/RxSwift.framework",
				"${BUILT_PRODUCTS_DIR}/SVProgressHUD/SVProgressHUD.framework",
				"${BUILT_PRODUCTS_DIR}/SnapKit/SnapKit.framework",
				"${BUILT_PRODUCTS_DIR}/SwiftTheme/SwiftTheme.framework",
				"${BUILT_PRODUCTS_DIR}/SwifterSwift/SwifterSwift.framework",
				"${BUILT_PRODUCTS_DIR}/URLNavigator/URLNavigator.framework",
				"${BUILT_PRODUCTS_DIR}/ZFPlayer/ZFPlayer.framework",
			);
			name = "[CP] Embed Pods Frameworks";
			outputPaths = (
				"${TARGET_BUILD_DIR}/${FRAMEWORKS_FOLDER_PATH}/Alamofire.framework",
				"${TARGET_BUILD_DIR}/${FRAMEWORKS_FOLDER_PATH}/Differentiator.framework",
				"${TARGET_BUILD_DIR}/${FRAMEWORKS_FOLDER_PATH}/FSPagerView.framework",
				"${TARGET_BUILD_DIR}/${FRAMEWORKS_FOLDER_PATH}/IQKeyboardManagerSwift.framework",
				"${TARGET_BUILD_DIR}/${FRAMEWORKS_FOLDER_PATH}/JXCategoryView.framework",
				"${TARGET_BUILD_DIR}/${FRAMEWORKS_FOLDER_PATH}/Kingfisher.framework",
				"${TARGET_BUILD_DIR}/${FRAMEWORKS_FOLDER_PATH}/MJRefresh.framework",
				"${TARGET_BUILD_DIR}/${FRAMEWORKS_FOLDER_PATH}/Moya.framework",
				"${TARGET_BUILD_DIR}/${FRAMEWORKS_FOLDER_PATH}/Moya_ObjectMapper.framework",
				"${TARGET_BUILD_DIR}/${FRAMEWORKS_FOLDER_PATH}/NSObject_Rx.framework",
				"${TARGET_BUILD_DIR}/${FRAMEWORKS_FOLDER_PATH}/ObjectMapper.framework",
				"${TARGET_BUILD_DIR}/${FRAMEWORKS_FOLDER_PATH}/PYSearch.framework",
				"${TARGET_BUILD_DIR}/${FRAMEWORKS_FOLDER_PATH}/Result.framework",
				"${TARGET_BUILD_DIR}/${FRAMEWORKS_FOLDER_PATH}/RxCocoa.framework",
				"${TARGET_BUILD_DIR}/${FRAMEWORKS_FOLDER_PATH}/RxDataSources.framework",
				"${TARGET_BUILD_DIR}/${FRAMEWORKS_FOLDER_PATH}/RxSwift.framework",
				"${TARGET_BUILD_DIR}/${FRAMEWORKS_FOLDER_PATH}/SVProgressHUD.framework",
				"${TARGET_BUILD_DIR}/${FRAMEWORKS_FOLDER_PATH}/SnapKit.framework",
				"${TARGET_BUILD_DIR}/${FRAMEWORKS_FOLDER_PATH}/SwiftTheme.framework",
				"${TARGET_BUILD_DIR}/${FRAMEWORKS_FOLDER_PATH}/SwifterSwift.framework",
				"${TARGET_BUILD_DIR}/${FRAMEWORKS_FOLDER_PATH}/URLNavigator.framework",
				"${TARGET_BUILD_DIR}/${FRAMEWORKS_FOLDER_PATH}/ZFPlayer.framework",
			);
			runOnlyForDeploymentPostprocessing = 0;
			shellPath = /bin/sh;
			shellScript = "\"${SRCROOT}/Pods/Target Support Files/Pods-Diary/Pods-Diary-frameworks.sh\"\n";
			showEnvVarsInLog = 0;
		};
		66DE2ED5D567E85C13C046EA /* [CP] Check Pods Manifest.lock */ = {
			isa = PBXShellScriptBuildPhase;
			buildActionMask = 2147483647;
			files = (
			);
			inputPaths = (
				"${PODS_PODFILE_DIR_PATH}/Podfile.lock",
				"${PODS_ROOT}/Manifest.lock",
			);
			name = "[CP] Check Pods Manifest.lock";
			outputPaths = (
				"$(DERIVED_FILE_DIR)/Pods-Diary-checkManifestLockResult.txt",
			);
			runOnlyForDeploymentPostprocessing = 0;
			shellPath = /bin/sh;
			shellScript = "diff \"${PODS_PODFILE_DIR_PATH}/Podfile.lock\" \"${PODS_ROOT}/Manifest.lock\" > /dev/null\nif [ $? != 0 ] ; then\n    # print error to STDERR\n    echo \"error: The sandbox is not in sync with the Podfile.lock. Run 'pod install' or update your CocoaPods installation.\" >&2\n    exit 1\nfi\n# This output is used by Xcode 'outputs' to avoid re-running this script phase.\necho \"SUCCESS\" > \"${SCRIPT_OUTPUT_FILE_0}\"\n";
			showEnvVarsInLog = 0;
		};
/* End PBXShellScriptBuildPhase section */

/* Begin PBXSourcesBuildPhase section */
		73D4DAD42213CBF200116541 /* Sources */ = {
			isa = PBXSourcesBuildPhase;
			buildActionMask = 2147483647;
			files = (
				737E1C522213E82800BF751D /* DiaryBaseView.swift in Sources */,
				736F50F022B2549700518645 /* CommonlyExpressView.swift in Sources */,
				7300252022ADF1B500F05ADC /* HomeEntranceView.swift in Sources */,
				73370C0422B3942200C01FE0 /* HistoryQueryTableViewCell.swift in Sources */,
				737E1C3F2213DFDF00BF751D /* LCZHomePage.swift in Sources */,
				7344B54D22AF8F6900FC7D4D /* MineEntranceTableViewCell.swift in Sources */,
				737E1C2D2213D43B00BF751D /* DiaryHeader.swift in Sources */,
				7367D2F0221FA43F008FD780 /* UIViewController+Rx.swift in Sources */,
				73C34F6C2264552800244B55 /* SearchMovieViewController.swift in Sources */,
				7300252222ADFA3F00F05ADC /* HomeEntranceCollectionViewCell.swift in Sources */,
				73409FC822815FE100899563 /* SearchMovieCell.swift in Sources */,
				735BB338225D9CF300241A59 /* UIButton+TextImagelocation.swift in Sources */,
				732C0464224B123700EA7738 /* NewsHomeViewModel.swift in Sources */,
				73B1DDE7224206FA00BFEF7A /* DiaryBaseCollectionViewCell.swift in Sources */,
				73B1DDE22242051400BFEF7A /* MovieHomeModel.swift in Sources */,
				734E9B6E22448E2400CC5004 /* Moay+Rx.swift in Sources */,
				73370BFC22B3614000C01FE0 /* LCZUIAlertControllerExtension.swift in Sources */,
				73E52AFB22B0F20E0018CBA6 /* ExpressQueryResultsViewController.swift in Sources */,
				735BB336225D943900241A59 /* MovieDetailsTableHeaderView.swift in Sources */,
				737E1C472213E21A00BF751D /* DiaryBaseViewController.swift in Sources */,
				7337A20722262CBB00B19F07 /* NewsDetailsView.swift in Sources */,
				735BB33E225DEF7500241A59 /* SelectorEpisodeCell.swift in Sources */,
				D0A716A122B4BF20000BC367 /* LCZWaveView.swift in Sources */,
				737E1C5F2213FCE800BF751D /* NewsHomeModel.swift in Sources */,
				7326F8E7222520FE0005696F /* NewsDetailsModel.swift in Sources */,
				73BB0FCD22B09FA8005F351C /* ExpressQueryViewController.swift in Sources */,
				7344B54F22AFA04700FC7D4D /* MineEntranceViewModel.swift in Sources */,
				73D4DADC2213CBF200116541 /* AppDelegate.swift in Sources */,
				73BB0FD122B0B0DB005F351C /* CourierEntranceTabBarController.swift in Sources */,
				737E1C562213E94D00BF751D /* NewsHomeListView.swift in Sources */,
				73B1DDE92242080400BFEF7A /* MovieHomeCell.swift in Sources */,
				733E298F22607094001885CE /* PracticalFunctionCell.swift in Sources */,
				7367D2F3221FA8DA008FD780 /* NewsHomeNetworkService.swift in Sources */,
				7300251A22ADF0ED00F05ADC /* HomeEntranceViewController.swift in Sources */,
				734F2EC322B1DC2600927AC1 /* ExpressQueryResultsView.swift in Sources */,
				7302DB1A228179F700BC7CAC /* LCZAlignTopLabel.swift in Sources */,
				736F50F222B255D200518645 /* CommonlyExpressTableViewCell.swift in Sources */,
				7367D2EE221FA43A008FD780 /* MJRefresh+Rx.swift in Sources */,
				735AC95422AE27E500C51BF7 /* HomeEntranceViewModel.swift in Sources */,
				73B1DDED2242306100BFEF7A /* MovieDetailsViewController.swift in Sources */,
				737E1C5C2213F05900BF751D /* NewsHomeListViewModel.swift in Sources */,
				7337A20A2226304500B19F07 /* NewsDetailsViewModel.swift in Sources */,
				73B1DDDB2241EE5100BFEF7A /* MovieHomeViewController.swift in Sources */,
				73409FC622815C2100899563 /* SearchMovieNetworkService.swift in Sources */,
				737E1C4C2213E3F800BF751D /* MainNavigationController.swift in Sources */,
				734F2EC522B1E46800927AC1 /* ExpressQueryResultsTableViewCell.swift in Sources */,
				73E52AF222B0E3B60018CBA6 /* ExpressQueryModel.swift in Sources */,
				731A381F22B33F32009FA711 /* CommonlyExpressViewModel.swift in Sources */,
				73370BFF22B37AA400C01FE0 /* CourierEntranceViewModel.swift in Sources */,
				73B1DDDF2241EF5500BFEF7A /* MovieHomeView.swift in Sources */,
				73B1DDD72241EB8E00BFEF7A /* LCZProgressHUD.swift in Sources */,
				73E52AF422B0E5AB0018CBA6 /* ExpressQueryViewModel.swift in Sources */,
				73E52AF022B0DB6D0018CBA6 /* CommonlyExpressViewController.swift in Sources */,
				73B1DDE52242055700BFEF7A /* MovieHomeViewModel.swift in Sources */,
				7344B54B22AF8A6900FC7D4D /* MineEntranceView.swift in Sources */,
				73409FC02281563600899563 /* SearchMovieView.swift in Sources */,
				731A382122B33FE3009FA711 /* CommonlyExpressModel.swift in Sources */,
				735BB33A225DCF2300241A59 /* SynopsisCell.swift in Sources */,
				737E1C412213E00300BF751D /* LCZSwiftMacro.swift in Sources */,
				73370C0222B37DC700C01FE0 /* CourierEntranceModel.swift in Sources */,
				73948B7E2223CF88000ED09A /* NewsHomeCell.swift in Sources */,
				737E1C4A2213E37900BF751D /* NewsHomeViewController.swift in Sources */,
				7337A20D222630AE00B19F07 /* NewsDetailsNetworkService.swift in Sources */,
				73B1DDF02242342700BFEF7A /* MovieDetailsView.swift in Sources */,
				734E9B7022448EA300CC5004 /* MoayProvider.swift in Sources */,
				735BB33C225DEE1300241A59 /* EpisodeCell.swift in Sources */,
				734E9B7222448F8A00CC5004 /* MovieNetworkServices.swift in Sources */,
				73948B802223CFA5000ED09A /* DiaryBaseTableViewCell.swift in Sources */,
				7300252422ADFB2F00F05ADC /* HomeEntranceCollectionHedderView.swift in Sources */,
				73409FC3228158CA00899563 /* SearchMovieViewModel.swift in Sources */,
				7326F8E422251CBD0005696F /* NewsDetailsViewController.swift in Sources */,
				734E9B742244CF2200CC5004 /* DiaryMacro.swift in Sources */,
				734E9B6C22448D8B00CC5004 /* MovieHomeNetworkService.swift in Sources */,
				73BB0FCF22B09FCB005F351C /* ExpressQueryView.swift in Sources */,
				737E1C542213E89700BF751D /* NewsHomeView.swift in Sources */,
				737E1C592213ED0C00BF751D /* HighSpeedDataNetworkServices.swift in Sources */,
				7344B54122AF594F00FC7D4D /* MainTabBarController.swift in Sources */,
				7344B54922AF8A5100FC7D4D /* MineEntranceViewController.swift in Sources */,
				737E1C3A2213DDF300BF751D /* DiaryRoute.swift in Sources */,
			);
			runOnlyForDeploymentPostprocessing = 0;
		};
/* End PBXSourcesBuildPhase section */

/* Begin PBXVariantGroup section */
		73D4DADF2213CBF200116541 /* Main.storyboard */ = {
			isa = PBXVariantGroup;
			children = (
				73D4DAE02213CBF200116541 /* Base */,
			);
			name = Main.storyboard;
			sourceTree = "<group>";
		};
		73D4DAE42213CBF400116541 /* LaunchScreen.storyboard */ = {
			isa = PBXVariantGroup;
			children = (
				73D4DAE52213CBF400116541 /* Base */,
			);
			name = LaunchScreen.storyboard;
			sourceTree = "<group>";
		};
/* End PBXVariantGroup section */

/* Begin XCBuildConfiguration section */
		73D4DAE82213CBF400116541 /* Debug */ = {
			isa = XCBuildConfiguration;
			buildSettings = {
				ALWAYS_SEARCH_USER_PATHS = NO;
				CLANG_ANALYZER_NONNULL = YES;
				CLANG_ANALYZER_NUMBER_OBJECT_CONVERSION = YES_AGGRESSIVE;
				CLANG_CXX_LANGUAGE_STANDARD = "gnu++14";
				CLANG_CXX_LIBRARY = "libc++";
				CLANG_ENABLE_MODULES = YES;
				CLANG_ENABLE_OBJC_ARC = YES;
				CLANG_ENABLE_OBJC_WEAK = YES;
				CLANG_WARN_BLOCK_CAPTURE_AUTORELEASING = YES;
				CLANG_WARN_BOOL_CONVERSION = YES;
				CLANG_WARN_COMMA = YES;
				CLANG_WARN_CONSTANT_CONVERSION = YES;
				CLANG_WARN_DEPRECATED_OBJC_IMPLEMENTATIONS = YES;
				CLANG_WARN_DIRECT_OBJC_ISA_USAGE = YES_ERROR;
				CLANG_WARN_DOCUMENTATION_COMMENTS = YES;
				CLANG_WARN_EMPTY_BODY = YES;
				CLANG_WARN_ENUM_CONVERSION = YES;
				CLANG_WARN_INFINITE_RECURSION = YES;
				CLANG_WARN_INT_CONVERSION = YES;
				CLANG_WARN_NON_LITERAL_NULL_CONVERSION = YES;
				CLANG_WARN_OBJC_IMPLICIT_RETAIN_SELF = YES;
				CLANG_WARN_OBJC_LITERAL_CONVERSION = YES;
				CLANG_WARN_OBJC_ROOT_CLASS = YES_ERROR;
				CLANG_WARN_RANGE_LOOP_ANALYSIS = YES;
				CLANG_WARN_STRICT_PROTOTYPES = YES;
				CLANG_WARN_SUSPICIOUS_MOVE = YES;
				CLANG_WARN_UNGUARDED_AVAILABILITY = YES_AGGRESSIVE;
				CLANG_WARN_UNREACHABLE_CODE = YES;
				CLANG_WARN__DUPLICATE_METHOD_MATCH = YES;
				CODE_SIGN_IDENTITY = "iPhone Developer";
				COPY_PHASE_STRIP = NO;
				DEBUG_INFORMATION_FORMAT = dwarf;
				ENABLE_STRICT_OBJC_MSGSEND = YES;
				ENABLE_TESTABILITY = YES;
				GCC_C_LANGUAGE_STANDARD = gnu11;
				GCC_DYNAMIC_NO_PIC = NO;
				GCC_NO_COMMON_BLOCKS = YES;
				GCC_OPTIMIZATION_LEVEL = 0;
				GCC_PREPROCESSOR_DEFINITIONS = (
					"DEBUG=1",
					"$(inherited)",
				);
				GCC_WARN_64_TO_32_BIT_CONVERSION = YES;
				GCC_WARN_ABOUT_RETURN_TYPE = YES_ERROR;
				GCC_WARN_UNDECLARED_SELECTOR = YES;
				GCC_WARN_UNINITIALIZED_AUTOS = YES_AGGRESSIVE;
				GCC_WARN_UNUSED_FUNCTION = YES;
				GCC_WARN_UNUSED_VARIABLE = YES;
				IPHONEOS_DEPLOYMENT_TARGET = 12.1;
				MTL_ENABLE_DEBUG_INFO = INCLUDE_SOURCE;
				MTL_FAST_MATH = YES;
				ONLY_ACTIVE_ARCH = YES;
				SDKROOT = iphoneos;
				SWIFT_ACTIVE_COMPILATION_CONDITIONS = DEBUG;
				SWIFT_OPTIMIZATION_LEVEL = "-Onone";
			};
			name = Debug;
		};
		73D4DAE92213CBF400116541 /* Release */ = {
			isa = XCBuildConfiguration;
			buildSettings = {
				ALWAYS_SEARCH_USER_PATHS = NO;
				CLANG_ANALYZER_NONNULL = YES;
				CLANG_ANALYZER_NUMBER_OBJECT_CONVERSION = YES_AGGRESSIVE;
				CLANG_CXX_LANGUAGE_STANDARD = "gnu++14";
				CLANG_CXX_LIBRARY = "libc++";
				CLANG_ENABLE_MODULES = YES;
				CLANG_ENABLE_OBJC_ARC = YES;
				CLANG_ENABLE_OBJC_WEAK = YES;
				CLANG_WARN_BLOCK_CAPTURE_AUTORELEASING = YES;
				CLANG_WARN_BOOL_CONVERSION = YES;
				CLANG_WARN_COMMA = YES;
				CLANG_WARN_CONSTANT_CONVERSION = YES;
				CLANG_WARN_DEPRECATED_OBJC_IMPLEMENTATIONS = YES;
				CLANG_WARN_DIRECT_OBJC_ISA_USAGE = YES_ERROR;
				CLANG_WARN_DOCUMENTATION_COMMENTS = YES;
				CLANG_WARN_EMPTY_BODY = YES;
				CLANG_WARN_ENUM_CONVERSION = YES;
				CLANG_WARN_INFINITE_RECURSION = YES;
				CLANG_WARN_INT_CONVERSION = YES;
				CLANG_WARN_NON_LITERAL_NULL_CONVERSION = YES;
				CLANG_WARN_OBJC_IMPLICIT_RETAIN_SELF = YES;
				CLANG_WARN_OBJC_LITERAL_CONVERSION = YES;
				CLANG_WARN_OBJC_ROOT_CLASS = YES_ERROR;
				CLANG_WARN_RANGE_LOOP_ANALYSIS = YES;
				CLANG_WARN_STRICT_PROTOTYPES = YES;
				CLANG_WARN_SUSPICIOUS_MOVE = YES;
				CLANG_WARN_UNGUARDED_AVAILABILITY = YES_AGGRESSIVE;
				CLANG_WARN_UNREACHABLE_CODE = YES;
				CLANG_WARN__DUPLICATE_METHOD_MATCH = YES;
				CODE_SIGN_IDENTITY = "iPhone Developer";
				COPY_PHASE_STRIP = NO;
				DEBUG_INFORMATION_FORMAT = "dwarf-with-dsym";
				ENABLE_NS_ASSERTIONS = NO;
				ENABLE_STRICT_OBJC_MSGSEND = YES;
				GCC_C_LANGUAGE_STANDARD = gnu11;
				GCC_NO_COMMON_BLOCKS = YES;
				GCC_WARN_64_TO_32_BIT_CONVERSION = YES;
				GCC_WARN_ABOUT_RETURN_TYPE = YES_ERROR;
				GCC_WARN_UNDECLARED_SELECTOR = YES;
				GCC_WARN_UNINITIALIZED_AUTOS = YES_AGGRESSIVE;
				GCC_WARN_UNUSED_FUNCTION = YES;
				GCC_WARN_UNUSED_VARIABLE = YES;
				IPHONEOS_DEPLOYMENT_TARGET = 12.1;
				MTL_ENABLE_DEBUG_INFO = NO;
				MTL_FAST_MATH = YES;
				SDKROOT = iphoneos;
				SWIFT_COMPILATION_MODE = wholemodule;
				SWIFT_OPTIMIZATION_LEVEL = "-O";
				VALIDATE_PRODUCT = YES;
			};
			name = Release;
		};
		73D4DAEB2213CBF400116541 /* Debug */ = {
			isa = XCBuildConfiguration;
			baseConfigurationReference = AC179B3912B814D4F44DC7E7 /* Pods-Diary.debug.xcconfig */;
			buildSettings = {
				ASSETCATALOG_COMPILER_APPICON_NAME = AppIcon;
				CLANG_ENABLE_MODULES = YES;
				CODE_SIGN_IDENTITY = "iPhone Developer";
				CODE_SIGN_STYLE = Automatic;
				DEVELOPMENT_TEAM = T3XQN4SSR6;
				INFOPLIST_FILE = "Diary/Resource(资源)/Plist(文件)/Info.plist";
				IPHONEOS_DEPLOYMENT_TARGET = 10.0;
				LD_RUNPATH_SEARCH_PATHS = (
					"$(inherited)",
					"@executable_path/Frameworks",
				);
				PRODUCT_BUNDLE_IDENTIFIER = com.liuczhaozheng.Diary;
				PRODUCT_NAME = "$(TARGET_NAME)";
				PROVISIONING_PROFILE_SPECIFIER = "";
				SWIFT_OBJC_BRIDGING_HEADER = "Diary/Utility(工具)/Bridging(桥接文件)/Diary-Bridging-Header.h";
				SWIFT_OPTIMIZATION_LEVEL = "-Onone";
				SWIFT_VERSION = 4.2;
				TARGETED_DEVICE_FAMILY = 1;
			};
			name = Debug;
		};
		73D4DAEC2213CBF400116541 /* Release */ = {
			isa = XCBuildConfiguration;
			baseConfigurationReference = 7BF0AA4A0A47E6E656FBD185 /* Pods-Diary.release.xcconfig */;
			buildSettings = {
				ASSETCATALOG_COMPILER_APPICON_NAME = AppIcon;
				CLANG_ENABLE_MODULES = YES;
				CODE_SIGN_IDENTITY = "iPhone Developer";
				CODE_SIGN_STYLE = Automatic;
				DEVELOPMENT_TEAM = T3XQN4SSR6;
				INFOPLIST_FILE = "Diary/Resource(资源)/Plist(文件)/Info.plist";
				IPHONEOS_DEPLOYMENT_TARGET = 10.0;
				LD_RUNPATH_SEARCH_PATHS = (
					"$(inherited)",
					"@executable_path/Frameworks",
				);
				PRODUCT_BUNDLE_IDENTIFIER = com.liuczhaozheng.Diary;
				PRODUCT_NAME = "$(TARGET_NAME)";
				PROVISIONING_PROFILE_SPECIFIER = "";
				SWIFT_OBJC_BRIDGING_HEADER = "Diary/Utility(工具)/Bridging(桥接文件)/Diary-Bridging-Header.h";
				SWIFT_VERSION = 4.2;
				TARGETED_DEVICE_FAMILY = 1;
			};
			name = Release;
		};
/* End XCBuildConfiguration section */

/* Begin XCConfigurationList section */
		73D4DAD32213CBF200116541 /* Build configuration list for PBXProject "Diary" */ = {
			isa = XCConfigurationList;
			buildConfigurations = (
				73D4DAE82213CBF400116541 /* Debug */,
				73D4DAE92213CBF400116541 /* Release */,
			);
			defaultConfigurationIsVisible = 0;
			defaultConfigurationName = Release;
		};
		73D4DAEA2213CBF400116541 /* Build configuration list for PBXNativeTarget "Diary" */ = {
			isa = XCConfigurationList;
			buildConfigurations = (
				73D4DAEB2213CBF400116541 /* Debug */,
				73D4DAEC2213CBF400116541 /* Release */,
			);
			defaultConfigurationIsVisible = 0;
			defaultConfigurationName = Release;
		};
/* End XCConfigurationList section */
	};
	rootObject = 73D4DAD02213CBF200116541 /* Project object */;
}
